
Microsoft Visual Studio Solution File, Format Version 12.00
# Visual Studio Version 17
VisualStudioVersion = 17.7.34221.43
MinimumVisualStudioVersion = 10.0.40219.1
Project("{9A19103F-16F7-4668-BE54-9A1E7A4F7556}") = "EPRN.Common", "EPRN.Common\EPRN.Common.csproj", "{1DBE8D65-C3E9-45CD-BAB5-432101D18929}"
EndProject
Project("{9A19103F-16F7-4668-BE54-9A1E7A4F7556}") = "EPRN.UnitTests", "EPRN.UnitTests\EPRN.UnitTests.csproj", "{7768DA66-5F2D-44F0-8A78-DAE7079D2545}"
EndProject
Project("{E53339B2-1760-4266-BCC7-CA923CBCF16C}") = "docker-compose", "docker-compose.dcproj", "{B924F9ED-0641-4405-994E-5A37EC34AAE9}"
EndProject
Project("{2150E333-8FDC-42A3-9474-1A3956D46DE8}") = "Solution Items", "Solution Items", "{DF688700-B727-4442-8311-9FD84E33F265}"
	ProjectSection(SolutionItems) = preProject
		.gitignore = .gitignore
		azurecli.portal.poc.yml = azurecli.portal.poc.yml
		azurecli.prnapi.poc.yml = azurecli.prnapi.poc.yml
		azurecli.wasteapi.poc.yml = azurecli.wasteapi.poc.yml
	EndProjectSection
EndProject
Project("{9A19103F-16F7-4668-BE54-9A1E7A4F7556}") = "EPRN.Waste.API", "EPRN.Waste.API\EPRN.Waste.API.csproj", "{9F823B3C-D383-4AE6-A88D-C1711773442B}"
EndProject
Project("{9A19103F-16F7-4668-BE54-9A1E7A4F7556}") = "EPRN.Portal", "EPRN.Portal\EPRN.Portal.csproj", "{9863BFAD-7F1B-42A2-B158-BFC04C86C7D7}"
EndProject
Project("{9A19103F-16F7-4668-BE54-9A1E7A4F7556}") = "EPRN.PRNS.API", "EPRN.PRNS.API\EPRN.PRNS.API.csproj", "{65D46CFB-89A7-4F51-A24D-02898022A4FD}"
EndProject
Project("{9A19103F-16F7-4668-BE54-9A1E7A4F7556}") = "EPRN.Common.Data", "EPRN.Common.Data\EPRN.Common.Data.csproj", "{1CF7477E-E72A-4E0F-9696-A465E249081C}"
EndProject
Global
	GlobalSection(SolutionConfigurationPlatforms) = preSolution
		Debug|Any CPU = Debug|Any CPU
		Release|Any CPU = Release|Any CPU
	EndGlobalSection
	GlobalSection(ProjectConfigurationPlatforms) = postSolution
		{1DBE8D65-C3E9-45CD-BAB5-432101D18929}.Debug|Any CPU.ActiveCfg = Debug|Any CPU
		{1DBE8D65-C3E9-45CD-BAB5-432101D18929}.Debug|Any CPU.Build.0 = Debug|Any CPU
		{1DBE8D65-C3E9-45CD-BAB5-432101D18929}.Release|Any CPU.ActiveCfg = Release|Any CPU
		{1DBE8D65-C3E9-45CD-BAB5-432101D18929}.Release|Any CPU.Build.0 = Release|Any CPU
		{7768DA66-5F2D-44F0-8A78-DAE7079D2545}.Debug|Any CPU.ActiveCfg = Debug|Any CPU
		{7768DA66-5F2D-44F0-8A78-DAE7079D2545}.Debug|Any CPU.Build.0 = Debug|Any CPU
		{7768DA66-5F2D-44F0-8A78-DAE7079D2545}.Release|Any CPU.ActiveCfg = Release|Any CPU
		{7768DA66-5F2D-44F0-8A78-DAE7079D2545}.Release|Any CPU.Build.0 = Release|Any CPU
		{B924F9ED-0641-4405-994E-5A37EC34AAE9}.Debug|Any CPU.ActiveCfg = Debug|Any CPU
		{B924F9ED-0641-4405-994E-5A37EC34AAE9}.Debug|Any CPU.Build.0 = Debug|Any CPU
		{B924F9ED-0641-4405-994E-5A37EC34AAE9}.Release|Any CPU.ActiveCfg = Release|Any CPU
		{B924F9ED-0641-4405-994E-5A37EC34AAE9}.Release|Any CPU.Build.0 = Release|Any CPU
		{9F823B3C-D383-4AE6-A88D-C1711773442B}.Debug|Any CPU.ActiveCfg = Debug|Any CPU
		{9F823B3C-D383-4AE6-A88D-C1711773442B}.Debug|Any CPU.Build.0 = Debug|Any CPU
		{9F823B3C-D383-4AE6-A88D-C1711773442B}.Release|Any CPU.ActiveCfg = Release|Any CPU
		{9F823B3C-D383-4AE6-A88D-C1711773442B}.Release|Any CPU.Build.0 = Release|Any CPU
		{9863BFAD-7F1B-42A2-B158-BFC04C86C7D7}.Debug|Any CPU.ActiveCfg = Debug|Any CPU
		{9863BFAD-7F1B-42A2-B158-BFC04C86C7D7}.Debug|Any CPU.Build.0 = Debug|Any CPU
		{9863BFAD-7F1B-42A2-B158-BFC04C86C7D7}.Release|Any CPU.ActiveCfg = Release|Any CPU
		{9863BFAD-7F1B-42A2-B158-BFC04C86C7D7}.Release|Any CPU.Build.0 = Release|Any CPU
		{65D46CFB-89A7-4F51-A24D-02898022A4FD}.Debug|Any CPU.ActiveCfg = Debug|Any CPU
		{65D46CFB-89A7-4F51-A24D-02898022A4FD}.Debug|Any CPU.Build.0 = Debug|Any CPU
		{65D46CFB-89A7-4F51-A24D-02898022A4FD}.Release|Any CPU.ActiveCfg = Release|Any CPU
		{65D46CFB-89A7-4F51-A24D-02898022A4FD}.Release|Any CPU.Build.0 = Release|Any CPU
		{1CF7477E-E72A-4E0F-9696-A465E249081C}.Debug|Any CPU.ActiveCfg = Debug|Any CPU
		{1CF7477E-E72A-4E0F-9696-A465E249081C}.Debug|Any CPU.Build.0 = Debug|Any CPU
		{1CF7477E-E72A-4E0F-9696-A465E249081C}.Release|Any CPU.ActiveCfg = Release|Any CPU
		{1CF7477E-E72A-4E0F-9696-A465E249081C}.Release|Any CPU.Build.0 = Release|Any CPU
	EndGlobalSection
	GlobalSection(SolutionProperties) = preSolution
		HideSolutionNode = FALSE
	EndGlobalSection
	GlobalSection(ExtensibilityGlobals) = postSolution
		SolutionGuid = {CE368C97-7918-444E-A3CE-F84CC8BDFD16}
	EndGlobalSection
EndGlobal
